
Microsoft Visual Studio Solution File, Format Version 12.00
Project("{FAE04EC0-301F-11D3-BF4B-00C04F79EFBC}") = "S2-CA2-MVC-MovieApp", " S2-CA2-MVC-MovieApp\S2-CA2-MVC-MovieApp.csproj", "{4A0E26ED-ECBD-4679-980E-5AD9B2121965}"
EndProject
Global
	GlobalSection(SolutionConfigurationPlatforms) = preSolution
		Debug|Any CPU = Debug|Any CPU
		Release|Any CPU = Release|Any CPU
	EndGlobalSection
	GlobalSection(ProjectConfigurationPlatforms) = postSolution
		{4A0E26ED-ECBD-4679-980E-5AD9B2121965}.Debug|Any CPU.ActiveCfg = Debug|Any CPU
		{4A0E26ED-ECBD-4679-980E-5AD9B2121965}.Debug|Any CPU.Build.0 = Debug|Any CPU
		{4A0E26ED-ECBD-4679-980E-5AD9B2121965}.Release|Any CPU.ActiveCfg = Release|Any CPU
		{4A0E26ED-ECBD-4679-980E-5AD9B2121965}.Release|Any CPU.Build.0 = Release|Any CPU
	EndGlobalSection
EndGlobal
